
Microsoft Visual Studio Solution File, Format Version 12.00
Project("{FAE04EC0-301F-11D3-BF4B-00C04F79EFBC}") = "PhotoStudio.DataBase", "PhotoStudio.DataBase\PhotoStudio.DataBase.csproj", "{D13AC50D-F7F1-4486-BB4C-E0EA8BEEA5A8}"
EndProject
Project("{FAE04EC0-301F-11D3-BF4B-00C04F79EFBC}") = "PhotoStudio.WebApi.Client", "PhotoStudio.WebApi.Client\PhotoStudio.WebApi.Client.csproj", "{FEB438A2-E089-4303-BB3A-C9D81602BED9}"
EndProject
Project("{FAE04EC0-301F-11D3-BF4B-00C04F79EFBC}") = "PhotoStudio.Test", "PhotoStudio.Test\PhotoStudio.Test.csproj", "{BD7BEF49-1BBE-4AF5-BE04-82B946176BFD}"
EndProject
Project("{FAE04EC0-301F-11D3-BF4B-00C04F79EFBC}") = "PhotoStudio.WebApi.Employee", "PhotoStudio.WebApi.Employee\PhotoStudio.WebApi.Employee.csproj", "{DA56BA02-FEAE-4C60-8A34-32836C26D6C8}"
EndProject
Project("{FAE04EC0-301F-11D3-BF4B-00C04F79EFBC}") = "PhotoStudio.WebApi.Lib", "PhotoStudio.WebApi.Lib\PhotoStudio.WebApi.Lib.csproj", "{5F174534-F5EF-4C23-A097-2D5F8EC8DAB2}"
EndProject
Global
	GlobalSection(SolutionConfigurationPlatforms) = preSolution
		Debug|Any CPU = Debug|Any CPU
		Release|Any CPU = Release|Any CPU
	EndGlobalSection
	GlobalSection(ProjectConfigurationPlatforms) = postSolution
		{D13AC50D-F7F1-4486-BB4C-E0EA8BEEA5A8}.Debug|Any CPU.ActiveCfg = Debug|Any CPU
		{D13AC50D-F7F1-4486-BB4C-E0EA8BEEA5A8}.Debug|Any CPU.Build.0 = Debug|Any CPU
		{D13AC50D-F7F1-4486-BB4C-E0EA8BEEA5A8}.Release|Any CPU.ActiveCfg = Release|Any CPU
		{D13AC50D-F7F1-4486-BB4C-E0EA8BEEA5A8}.Release|Any CPU.Build.0 = Release|Any CPU
		{FEB438A2-E089-4303-BB3A-C9D81602BED9}.Debug|Any CPU.ActiveCfg = Debug|Any CPU
		{FEB438A2-E089-4303-BB3A-C9D81602BED9}.Debug|Any CPU.Build.0 = Debug|Any CPU
		{FEB438A2-E089-4303-BB3A-C9D81602BED9}.Release|Any CPU.ActiveCfg = Release|Any CPU
		{FEB438A2-E089-4303-BB3A-C9D81602BED9}.Release|Any CPU.Build.0 = Release|Any CPU
		{BD7BEF49-1BBE-4AF5-BE04-82B946176BFD}.Debug|Any CPU.ActiveCfg = Debug|Any CPU
		{BD7BEF49-1BBE-4AF5-BE04-82B946176BFD}.Debug|Any CPU.Build.0 = Debug|Any CPU
		{BD7BEF49-1BBE-4AF5-BE04-82B946176BFD}.Release|Any CPU.ActiveCfg = Release|Any CPU
		{BD7BEF49-1BBE-4AF5-BE04-82B946176BFD}.Release|Any CPU.Build.0 = Release|Any CPU
		{DA56BA02-FEAE-4C60-8A34-32836C26D6C8}.Debug|Any CPU.ActiveCfg = Debug|Any CPU
		{DA56BA02-FEAE-4C60-8A34-32836C26D6C8}.Debug|Any CPU.Build.0 = Debug|Any CPU
		{DA56BA02-FEAE-4C60-8A34-32836C26D6C8}.Release|Any CPU.ActiveCfg = Release|Any CPU
		{DA56BA02-FEAE-4C60-8A34-32836C26D6C8}.Release|Any CPU.Build.0 = Release|Any CPU
		{5F174534-F5EF-4C23-A097-2D5F8EC8DAB2}.Debug|Any CPU.ActiveCfg = Debug|Any CPU
		{5F174534-F5EF-4C23-A097-2D5F8EC8DAB2}.Debug|Any CPU.Build.0 = Debug|Any CPU
		{5F174534-F5EF-4C23-A097-2D5F8EC8DAB2}.Release|Any CPU.ActiveCfg = Release|Any CPU
		{5F174534-F5EF-4C23-A097-2D5F8EC8DAB2}.Release|Any CPU.Build.0 = Release|Any CPU
	EndGlobalSection
EndGlobal
